
Microsoft Visual Studio Solution File, Format Version 12.00
# Visual Studio 14
VisualStudioVersion = 14.0.25123.0
MinimumVisualStudioVersion = 10.0.40219.1
Project("{FAE04EC0-301F-11D3-BF4B-00C04F79EFBC}") = "ProjectA", "ProjectA.csproj", "{01E14C3E-BB41-4B68-9064-E23BA466136D}"
EndProject
Project("{FAE04EC0-301F-11D3-BF4B-00C04F79EFBC}") = "ProjectB", "..\ProjectB\ProjectB.csproj", "{3B42D00D-3072-4E1B-B2F7-47A931F3A1DE}"
EndProject
Global
	GlobalSection(SolutionConfigurationPlatforms) = preSolution
		Debug|Any CPU = Debug|Any CPU
		Release|Any CPU = Release|Any CPU
	EndGlobalSection
	GlobalSection(ProjectConfigurationPlatforms) = postSolution
		{01E14C3E-BB41-4B68-9064-E23BA466136D}.Debug|Any CPU.ActiveCfg = Debug|Any CPU
		{01E14C3E-BB41-4B68-9064-E23BA466136D}.Debug|Any CPU.Build.0 = Debug|Any CPU
		{01E14C3E-BB41-4B68-9064-E23BA466136D}.Release|Any CPU.ActiveCfg = Release|Any CPU
		{01E14C3E-BB41-4B68-9064-E23BA466136D}.Release|Any CPU.Build.0 = Release|Any CPU
		{3B42D00D-3072-4E1B-B2F7-47A931F3A1DE}.Debug|Any CPU.ActiveCfg = Debug|Any CPU
		{3B42D00D-3072-4E1B-B2F7-47A931F3A1DE}.Debug|Any CPU.Build.0 = Debug|Any CPU
		{3B42D00D-3072-4E1B-B2F7-47A931F3A1DE}.Release|Any CPU.ActiveCfg = Release|Any CPU
		{3B42D00D-3072-4E1B-B2F7-47A931F3A1DE}.Release|Any CPU.Build.0 = Release|Any CPU
	EndGlobalSection
	GlobalSection(SolutionProperties) = preSolution
		HideSolutionNode = FALSE
	EndGlobalSection
EndGlobal
